
Microsoft Visual Studio Solution File, Format Version 12.00
# Visual Studio 2012
Project("{FAE04EC0-301F-11D3-BF4B-00C04F79EFBC}") = "WP8Snes9x", "WP8Snes9x\WP8Snes9x\WP8Snes9x.csproj", "{E6470260-50E5-4B4B-AAAC-223EE7485237}"
EndProject
Project("{8BC9CEB8-8B4A-11D0-8D11-00A0C91BC942}") = "WP8Snes9xComponent", "WP8Snes9x\WP8Snes9xComponent\WP8Snes9xComponent.vcxproj", "{25D46FDB-318A-4352-89F7-AB384DD719F0}"
EndProject
Global
	GlobalSection(SolutionConfigurationPlatforms) = preSolution
		Debug|Any CPU = Debug|Any CPU
		Debug|ARM = Debug|ARM
		Debug|Mixed Platforms = Debug|Mixed Platforms
		Debug|Win32 = Debug|Win32
		Debug|x86 = Debug|x86
		DebugDevice|Any CPU = DebugDevice|Any CPU
		DebugDevice|ARM = DebugDevice|ARM
		DebugDevice|Mixed Platforms = DebugDevice|Mixed Platforms
		DebugDevice|Win32 = DebugDevice|Win32
		DebugDevice|x86 = DebugDevice|x86
		Release|Any CPU = Release|Any CPU
		Release|ARM = Release|ARM
		Release|Mixed Platforms = Release|Mixed Platforms
		Release|Win32 = Release|Win32
		Release|x86 = Release|x86
	EndGlobalSection
	GlobalSection(ProjectConfigurationPlatforms) = postSolution
		{E6470260-50E5-4B4B-AAAC-223EE7485237}.Debug|Any CPU.ActiveCfg = Debug|Any CPU
		{E6470260-50E5-4B4B-AAAC-223EE7485237}.Debug|Any CPU.Build.0 = Debug|Any CPU
		{E6470260-50E5-4B4B-AAAC-223EE7485237}.Debug|Any CPU.Deploy.0 = Debug|Any CPU
		{E6470260-50E5-4B4B-AAAC-223EE7485237}.Debug|ARM.ActiveCfg = Debug|ARM
		{E6470260-50E5-4B4B-AAAC-223EE7485237}.Debug|ARM.Build.0 = Debug|ARM
		{E6470260-50E5-4B4B-AAAC-223EE7485237}.Debug|ARM.Deploy.0 = Debug|ARM
		{E6470260-50E5-4B4B-AAAC-223EE7485237}.Debug|Mixed Platforms.ActiveCfg = Debug|x86
		{E6470260-50E5-4B4B-AAAC-223EE7485237}.Debug|Mixed Platforms.Build.0 = Debug|x86
		{E6470260-50E5-4B4B-AAAC-223EE7485237}.Debug|Mixed Platforms.Deploy.0 = Debug|x86
		{E6470260-50E5-4B4B-AAAC-223EE7485237}.Debug|Win32.ActiveCfg = Debug|x86
		{E6470260-50E5-4B4B-AAAC-223EE7485237}.Debug|Win32.Build.0 = Debug|x86
		{E6470260-50E5-4B4B-AAAC-223EE7485237}.Debug|Win32.Deploy.0 = Debug|x86
		{E6470260-50E5-4B4B-AAAC-223EE7485237}.Debug|x86.ActiveCfg = Debug|x86
		{E6470260-50E5-4B4B-AAAC-223EE7485237}.Debug|x86.Build.0 = Debug|x86
		{E6470260-50E5-4B4B-AAAC-223EE7485237}.Debug|x86.Deploy.0 = Debug|x86
		{E6470260-50E5-4B4B-AAAC-223EE7485237}.DebugDevice|Any CPU.ActiveCfg = DebugDevice|Any CPU
		{E6470260-50E5-4B4B-AAAC-223EE7485237}.DebugDevice|Any CPU.Build.0 = DebugDevice|Any CPU
		{E6470260-50E5-4B4B-AAAC-223EE7485237}.DebugDevice|Any CPU.Deploy.0 = DebugDevice|Any CPU
		{E6470260-50E5-4B4B-AAAC-223EE7485237}.DebugDevice|ARM.ActiveCfg = DebugDevice|ARM
		{E6470260-50E5-4B4B-AAAC-223EE7485237}.DebugDevice|ARM.Build.0 = DebugDevice|ARM
		{E6470260-50E5-4B4B-AAAC-223EE7485237}.DebugDevice|ARM.Deploy.0 = DebugDevice|ARM
		{E6470260-50E5-4B4B-AAAC-223EE7485237}.DebugDevice|Mixed Platforms.ActiveCfg = DebugDevice|ARM
		{E6470260-50E5-4B4B-AAAC-223EE7485237}.DebugDevice|Mixed Platforms.Build.0 = DebugDevice|ARM
		{E6470260-50E5-4B4B-AAAC-223EE7485237}.DebugDevice|Mixed Platforms.Deploy.0 = DebugDevice|ARM
		{E6470260-50E5-4B4B-AAAC-223EE7485237}.DebugDevice|Win32.ActiveCfg = DebugDevice|x86
		{E6470260-50E5-4B4B-AAAC-223EE7485237}.DebugDevice|Win32.Build.0 = DebugDevice|x86
		{E6470260-50E5-4B4B-AAAC-223EE7485237}.DebugDevice|Win32.Deploy.0 = DebugDevice|x86
		{E6470260-50E5-4B4B-AAAC-223EE7485237}.DebugDevice|x86.ActiveCfg = DebugDevice|x86
		{E6470260-50E5-4B4B-AAAC-223EE7485237}.DebugDevice|x86.Build.0 = DebugDevice|x86
		{E6470260-50E5-4B4B-AAAC-223EE7485237}.DebugDevice|x86.Deploy.0 = DebugDevice|x86
		{E6470260-50E5-4B4B-AAAC-223EE7485237}.Release|Any CPU.ActiveCfg = Release|Any CPU
		{E6470260-50E5-4B4B-AAAC-223EE7485237}.Release|Any CPU.Build.0 = Release|Any CPU
		{E6470260-50E5-4B4B-AAAC-223EE7485237}.Release|Any CPU.Deploy.0 = Release|Any CPU
		{E6470260-50E5-4B4B-AAAC-223EE7485237}.Release|ARM.ActiveCfg = Release|ARM
		{E6470260-50E5-4B4B-AAAC-223EE7485237}.Release|ARM.Build.0 = Release|ARM
		{E6470260-50E5-4B4B-AAAC-223EE7485237}.Release|ARM.Deploy.0 = Release|ARM
		{E6470260-50E5-4B4B-AAAC-223EE7485237}.Release|Mixed Platforms.ActiveCfg = Release|ARM
		{E6470260-50E5-4B4B-AAAC-223EE7485237}.Release|Mixed Platforms.Build.0 = Release|ARM
		{E6470260-50E5-4B4B-AAAC-223EE7485237}.Release|Mixed Platforms.Deploy.0 = Release|ARM
		{E6470260-50E5-4B4B-AAAC-223EE7485237}.Release|Win32.ActiveCfg = Release|x86
		{E6470260-50E5-4B4B-AAAC-223EE7485237}.Release|Win32.Build.0 = Release|x86
		{E6470260-50E5-4B4B-AAAC-223EE7485237}.Release|Win32.Deploy.0 = Release|x86
		{E6470260-50E5-4B4B-AAAC-223EE7485237}.Release|x86.ActiveCfg = Release|x86
		{E6470260-50E5-4B4B-AAAC-223EE7485237}.Release|x86.Build.0 = Release|x86
		{E6470260-50E5-4B4B-AAAC-223EE7485237}.Release|x86.Deploy.0 = Release|x86
		{25D46FDB-318A-4352-89F7-AB384DD719F0}.Debug|Any CPU.ActiveCfg = Debug|Win32
		{25D46FDB-318A-4352-89F7-AB384DD719F0}.Debug|ARM.ActiveCfg = Debug|ARM
		{25D46FDB-318A-4352-89F7-AB384DD719F0}.Debug|ARM.Build.0 = Debug|ARM
		{25D46FDB-318A-4352-89F7-AB384DD719F0}.Debug|Mixed Platforms.ActiveCfg = Debug|Win32
		{25D46FDB-318A-4352-89F7-AB384DD719F0}.Debug|Mixed Platforms.Build.0 = Debug|Win32
		{25D46FDB-318A-4352-89F7-AB384DD719F0}.Debug|Win32.ActiveCfg = Debug|Win32
		{25D46FDB-318A-4352-89F7-AB384DD719F0}.Debug|Win32.Build.0 = Debug|Win32
		{25D46FDB-318A-4352-89F7-AB384DD719F0}.Debug|x86.ActiveCfg = Debug|Win32
		{25D46FDB-318A-4352-89F7-AB384DD719F0}.Debug|x86.Build.0 = Debug|Win32
		{25D46FDB-318A-4352-89F7-AB384DD719F0}.DebugDevice|Any CPU.ActiveCfg = DebugDevice|Win32
		{25D46FDB-318A-4352-89F7-AB384DD719F0}.DebugDevice|ARM.ActiveCfg = DebugDevice|ARM
		{25D46FDB-318A-4352-89F7-AB384DD719F0}.DebugDevice|ARM.Build.0 = DebugDevice|ARM
		{25D46FDB-318A-4352-89F7-AB384DD719F0}.DebugDevice|Mixed Platforms.ActiveCfg = DebugDevice|ARM
		{25D46FDB-318A-4352-89F7-AB384DD719F0}.DebugDevice|Mixed Platforms.Build.0 = DebugDevice|ARM
		{25D46FDB-318A-4352-89F7-AB384DD719F0}.DebugDevice|Win32.ActiveCfg = DebugDevice|Win32
		{25D46FDB-318A-4352-89F7-AB384DD719F0}.DebugDevice|Win32.Build.0 = DebugDevice|Win32
		{25D46FDB-318A-4352-89F7-AB384DD719F0}.DebugDevice|x86.ActiveCfg = DebugDevice|Win32
		{25D46FDB-318A-4352-89F7-AB384DD719F0}.DebugDevice|x86.Build.0 = DebugDevice|Win32
		{25D46FDB-318A-4352-89F7-AB384DD719F0}.Release|Any CPU.ActiveCfg = Release|Win32
		{25D46FDB-318A-4352-89F7-AB384DD719F0}.Release|ARM.ActiveCfg = Release|ARM
		{25D46FDB-318A-4352-89F7-AB384DD719F0}.Release|ARM.Build.0 = Release|ARM
		{25D46FDB-318A-4352-89F7-AB384DD719F0}.Release|Mixed Platforms.ActiveCfg = Release|ARM
		{25D46FDB-318A-4352-89F7-AB384DD719F0}.Release|Mixed Platforms.Build.0 = Release|ARM
		{25D46FDB-318A-4352-89F7-AB384DD719F0}.Release|Mixed Platforms.Deploy.0 = Release|ARM
		{25D46FDB-318A-4352-89F7-AB384DD719F0}.Release|Win32.ActiveCfg = Release|Win32
		{25D46FDB-318A-4352-89F7-AB384DD719F0}.Release|Win32.Build.0 = Release|Win32
		{25D46FDB-318A-4352-89F7-AB384DD719F0}.Release|x86.ActiveCfg = Release|Win32
		{25D46FDB-318A-4352-89F7-AB384DD719F0}.Release|x86.Build.0 = Release|Win32
	EndGlobalSection
	GlobalSection(SolutionProperties) = preSolution
		HideSolutionNode = FALSE
	EndGlobalSection
EndGlobal
